
Microsoft Visual Studio Solution File, Format Version 12.00
# Visual Studio Version 17
VisualStudioVersion = 17.0.31903.59
MinimumVisualStudioVersion = 10.0.40219.1
Project("{2150E333-8FDC-42A3-9474-1A3956D46DE8}") = "src", "src", "{827E0CD3-B72D-47B6-A68D-7590B98EB39B}"
EndProject
Project("{FAE04EC0-301F-11D3-BF4B-00C04F79EFBC}") = "HomeService.Api", "src\HomeService.Api\HomeService.Api.csproj", "{F6F11C72-EFD5-4A0A-9A95-76F983C70891}"
EndProject
Project("{FAE04EC0-301F-11D3-BF4B-00C04F79EFBC}") = "HomeService.Client", "src\HomeService.Client\HomeService.Client.csproj", "{A340D647-39E1-4BDF-B5BE-D03871929812}"
EndProject
Project("{FAE04EC0-301F-11D3-BF4B-00C04F79EFBC}") = "HomeService.Provider", "src\HomeService.Provider\HomeService.Provider.csproj", "{75968657-D3BC-412A-A816-51A8A908B2D8}"
EndProject
Project("{FAE04EC0-301F-11D3-BF4B-00C04F79EFBC}") = "HomeService.Company", "src\HomeService.Company\HomeService.Company.csproj", "{9292FA07-E8B1-42D8-959B-861631306824}"
EndProject
Project("{FAE04EC0-301F-11D3-BF4B-00C04F79EFBC}") = "HomeService.Admin", "src\HomeService.Admin\HomeService.Admin.csproj", "{D24CA081-86AF-481F-80E3-AB3D410B2BDB}"
EndProject
Project("{FAE04EC0-301F-11D3-BF4B-00C04F79EFBC}") = "HomeService.Domain", "src\HomeService.Domain\HomeService.Domain.csproj", "{2F377192-EA48-4713-832B-8E40E5045F82}"
EndProject
Project("{FAE04EC0-301F-11D3-BF4B-00C04F79EFBC}") = "HomeService.Application", "src\HomeService.Application\HomeService.Application.csproj", "{0A36BFFB-5996-4323-AEA2-B2BFC40FF307}"
EndProject
Project("{FAE04EC0-301F-11D3-BF4B-00C04F79EFBC}") = "HomeService.Infrastructure", "src\HomeService.Infrastructure\HomeService.Infrastructure.csproj", "{B618CD7D-7315-451A-AEEE-85A64134BDAF}"
EndProject
Project("{FAE04EC0-301F-11D3-BF4B-00C04F79EFBC}") = "HomeService.Contracts", "src\HomeService.Contracts\HomeService.Contracts.csproj", "{F844FB56-4046-4975-82DC-C2D605E21995}"
EndProject
Project("{FAE04EC0-301F-11D3-BF4B-00C04F79EFBC}") = "HomeService.Tests.Unit", "tests\HomeService.Tests.Unit\HomeService.Tests.Unit.csproj", "{7D9BE192-AF97-42A7-9853-E549CBC86C81}"
EndProject
Project("{FAE04EC0-301F-11D3-BF4B-00C04F79EFBC}") = "HomeService.Tests.Integration", "tests\HomeService.Tests.Integration\HomeService.Tests.Integration.csproj", "{1FDFFA27-91D1-43FB-93DF-D5494EF983CD}"
EndProject
Global
	GlobalSection(SolutionConfigurationPlatforms) = preSolution
		Debug|Any CPU = Debug|Any CPU
		Debug|x64 = Debug|x64
		Debug|x86 = Debug|x86
		Release|Any CPU = Release|Any CPU
		Release|x64 = Release|x64
		Release|x86 = Release|x86
	EndGlobalSection
	GlobalSection(ProjectConfigurationPlatforms) = postSolution
		{F6F11C72-EFD5-4A0A-9A95-76F983C70891}.Debug|Any CPU.ActiveCfg = Debug|Any CPU
		{F6F11C72-EFD5-4A0A-9A95-76F983C70891}.Debug|Any CPU.Build.0 = Debug|Any CPU
		{F6F11C72-EFD5-4A0A-9A95-76F983C70891}.Debug|x64.ActiveCfg = Debug|Any CPU
		{F6F11C72-EFD5-4A0A-9A95-76F983C70891}.Debug|x64.Build.0 = Debug|Any CPU
		{F6F11C72-EFD5-4A0A-9A95-76F983C70891}.Debug|x86.ActiveCfg = Debug|Any CPU
		{F6F11C72-EFD5-4A0A-9A95-76F983C70891}.Debug|x86.Build.0 = Debug|Any CPU
		{F6F11C72-EFD5-4A0A-9A95-76F983C70891}.Release|Any CPU.ActiveCfg = Release|Any CPU
		{F6F11C72-EFD5-4A0A-9A95-76F983C70891}.Release|Any CPU.Build.0 = Release|Any CPU
		{F6F11C72-EFD5-4A0A-9A95-76F983C70891}.Release|x64.ActiveCfg = Release|Any CPU
		{F6F11C72-EFD5-4A0A-9A95-76F983C70891}.Release|x64.Build.0 = Release|Any CPU
		{F6F11C72-EFD5-4A0A-9A95-76F983C70891}.Release|x86.ActiveCfg = Release|Any CPU
		{F6F11C72-EFD5-4A0A-9A95-76F983C70891}.Release|x86.Build.0 = Release|Any CPU
		{A340D647-39E1-4BDF-B5BE-D03871929812}.Debug|Any CPU.ActiveCfg = Debug|Any CPU
		{A340D647-39E1-4BDF-B5BE-D03871929812}.Debug|Any CPU.Build.0 = Debug|Any CPU
		{A340D647-39E1-4BDF-B5BE-D03871929812}.Debug|x64.ActiveCfg = Debug|Any CPU
		{A340D647-39E1-4BDF-B5BE-D03871929812}.Debug|x64.Build.0 = Debug|Any CPU
		{A340D647-39E1-4BDF-B5BE-D03871929812}.Debug|x86.ActiveCfg = Debug|Any CPU
		{A340D647-39E1-4BDF-B5BE-D03871929812}.Debug|x86.Build.0 = Debug|Any CPU
		{A340D647-39E1-4BDF-B5BE-D03871929812}.Release|Any CPU.ActiveCfg = Release|Any CPU
		{A340D647-39E1-4BDF-B5BE-D03871929812}.Release|Any CPU.Build.0 = Release|Any CPU
		{A340D647-39E1-4BDF-B5BE-D03871929812}.Release|x64.ActiveCfg = Release|Any CPU
		{A340D647-39E1-4BDF-B5BE-D03871929812}.Release|x64.Build.0 = Release|Any CPU
		{A340D647-39E1-4BDF-B5BE-D03871929812}.Release|x86.ActiveCfg = Release|Any CPU
		{A340D647-39E1-4BDF-B5BE-D03871929812}.Release|x86.Build.0 = Release|Any CPU
		{75968657-D3BC-412A-A816-51A8A908B2D8}.Debug|Any CPU.ActiveCfg = Debug|Any CPU
		{75968657-D3BC-412A-A816-51A8A908B2D8}.Debug|Any CPU.Build.0 = Debug|Any CPU
		{75968657-D3BC-412A-A816-51A8A908B2D8}.Debug|x64.ActiveCfg = Debug|Any CPU
		{75968657-D3BC-412A-A816-51A8A908B2D8}.Debug|x64.Build.0 = Debug|Any CPU
		{75968657-D3BC-412A-A816-51A8A908B2D8}.Debug|x86.ActiveCfg = Debug|Any CPU
		{75968657-D3BC-412A-A816-51A8A908B2D8}.Debug|x86.Build.0 = Debug|Any CPU
		{75968657-D3BC-412A-A816-51A8A908B2D8}.Release|Any CPU.ActiveCfg = Release|Any CPU
		{75968657-D3BC-412A-A816-51A8A908B2D8}.Release|Any CPU.Build.0 = Release|Any CPU
		{75968657-D3BC-412A-A816-51A8A908B2D8}.Release|x64.ActiveCfg = Release|Any CPU
		{75968657-D3BC-412A-A816-51A8A908B2D8}.Release|x64.Build.0 = Release|Any CPU
		{75968657-D3BC-412A-A816-51A8A908B2D8}.Release|x86.ActiveCfg = Release|Any CPU
		{75968657-D3BC-412A-A816-51A8A908B2D8}.Release|x86.Build.0 = Release|Any CPU
		{9292FA07-E8B1-42D8-959B-861631306824}.Debug|Any CPU.ActiveCfg = Debug|Any CPU
		{9292FA07-E8B1-42D8-959B-861631306824}.Debug|Any CPU.Build.0 = Debug|Any CPU
		{9292FA07-E8B1-42D8-959B-861631306824}.Debug|x64.ActiveCfg = Debug|Any CPU
		{9292FA07-E8B1-42D8-959B-861631306824}.Debug|x64.Build.0 = Debug|Any CPU
		{9292FA07-E8B1-42D8-959B-861631306824}.Debug|x86.ActiveCfg = Debug|Any CPU
		{9292FA07-E8B1-42D8-959B-861631306824}.Debug|x86.Build.0 = Debug|Any CPU
		{9292FA07-E8B1-42D8-959B-861631306824}.Release|Any CPU.ActiveCfg = Release|Any CPU
		{9292FA07-E8B1-42D8-959B-861631306824}.Release|Any CPU.Build.0 = Release|Any CPU
		{9292FA07-E8B1-42D8-959B-861631306824}.Release|x64.ActiveCfg = Release|Any CPU
		{9292FA07-E8B1-42D8-959B-861631306824}.Release|x64.Build.0 = Release|Any CPU
		{9292FA07-E8B1-42D8-959B-861631306824}.Release|x86.ActiveCfg = Release|Any CPU
		{9292FA07-E8B1-42D8-959B-861631306824}.Release|x86.Build.0 = Release|Any CPU
		{D24CA081-86AF-481F-80E3-AB3D410B2BDB}.Debug|Any CPU.ActiveCfg = Debug|Any CPU
		{D24CA081-86AF-481F-80E3-AB3D410B2BDB}.Debug|Any CPU.Build.0 = Debug|Any CPU
		{D24CA081-86AF-481F-80E3-AB3D410B2BDB}.Debug|x64.ActiveCfg = Debug|Any CPU
		{D24CA081-86AF-481F-80E3-AB3D410B2BDB}.Debug|x64.Build.0 = Debug|Any CPU
		{D24CA081-86AF-481F-80E3-AB3D410B2BDB}.Debug|x86.ActiveCfg = Debug|Any CPU
		{D24CA081-86AF-481F-80E3-AB3D410B2BDB}.Debug|x86.Build.0 = Debug|Any CPU
		{D24CA081-86AF-481F-80E3-AB3D410B2BDB}.Release|Any CPU.ActiveCfg = Release|Any CPU
		{D24CA081-86AF-481F-80E3-AB3D410B2BDB}.Release|Any CPU.Build.0 = Release|Any CPU
		{D24CA081-86AF-481F-80E3-AB3D410B2BDB}.Release|x64.ActiveCfg = Release|Any CPU
		{D24CA081-86AF-481F-80E3-AB3D410B2BDB}.Release|x64.Build.0 = Release|Any CPU
		{D24CA081-86AF-481F-80E3-AB3D410B2BDB}.Release|x86.ActiveCfg = Release|Any CPU
		{D24CA081-86AF-481F-80E3-AB3D410B2BDB}.Release|x86.Build.0 = Release|Any CPU
		{2F377192-EA48-4713-832B-8E40E5045F82}.Debug|Any CPU.ActiveCfg = Debug|Any CPU
		{2F377192-EA48-4713-832B-8E40E5045F82}.Debug|Any CPU.Build.0 = Debug|Any CPU
		{2F377192-EA48-4713-832B-8E40E5045F82}.Debug|x64.ActiveCfg = Debug|Any CPU
		{2F377192-EA48-4713-832B-8E40E5045F82}.Debug|x64.Build.0 = Debug|Any CPU
		{2F377192-EA48-4713-832B-8E40E5045F82}.Debug|x86.ActiveCfg = Debug|Any CPU
		{2F377192-EA48-4713-832B-8E40E5045F82}.Debug|x86.Build.0 = Debug|Any CPU
		{2F377192-EA48-4713-832B-8E40E5045F82}.Release|Any CPU.ActiveCfg = Release|Any CPU
		{2F377192-EA48-4713-832B-8E40E5045F82}.Release|Any CPU.Build.0 = Release|Any CPU
		{2F377192-EA48-4713-832B-8E40E5045F82}.Release|x64.ActiveCfg = Release|Any CPU
		{2F377192-EA48-4713-832B-8E40E5045F82}.Release|x64.Build.0 = Release|Any CPU
		{2F377192-EA48-4713-832B-8E40E5045F82}.Release|x86.ActiveCfg = Release|Any CPU
		{2F377192-EA48-4713-832B-8E40E5045F82}.Release|x86.Build.0 = Release|Any CPU
		{0A36BFFB-5996-4323-AEA2-B2BFC40FF307}.Debug|Any CPU.ActiveCfg = Debug|Any CPU
		{0A36BFFB-5996-4323-AEA2-B2BFC40FF307}.Debug|Any CPU.Build.0 = Debug|Any CPU
		{0A36BFFB-5996-4323-AEA2-B2BFC40FF307}.Debug|x64.ActiveCfg = Debug|Any CPU
		{0A36BFFB-5996-4323-AEA2-B2BFC40FF307}.Debug|x64.Build.0 = Debug|Any CPU
		{0A36BFFB-5996-4323-AEA2-B2BFC40FF307}.Debug|x86.ActiveCfg = Debug|Any CPU
		{0A36BFFB-5996-4323-AEA2-B2BFC40FF307}.Debug|x86.Build.0 = Debug|Any CPU
		{0A36BFFB-5996-4323-AEA2-B2BFC40FF307}.Release|Any CPU.ActiveCfg = Release|Any CPU
		{0A36BFFB-5996-4323-AEA2-B2BFC40FF307}.Release|Any CPU.Build.0 = Release|Any CPU
		{0A36BFFB-5996-4323-AEA2-B2BFC40FF307}.Release|x64.ActiveCfg = Release|Any CPU
		{0A36BFFB-5996-4323-AEA2-B2BFC40FF307}.Release|x64.Build.0 = Release|Any CPU
		{0A36BFFB-5996-4323-AEA2-B2BFC40FF307}.Release|x86.ActiveCfg = Release|Any CPU
		{0A36BFFB-5996-4323-AEA2-B2BFC40FF307}.Release|x86.Build.0 = Release|Any CPU
		{B618CD7D-7315-451A-AEEE-85A64134BDAF}.Debug|Any CPU.ActiveCfg = Debug|Any CPU
		{B618CD7D-7315-451A-AEEE-85A64134BDAF}.Debug|Any CPU.Build.0 = Debug|Any CPU
		{B618CD7D-7315-451A-AEEE-85A64134BDAF}.Debug|x64.ActiveCfg = Debug|Any CPU
		{B618CD7D-7315-451A-AEEE-85A64134BDAF}.Debug|x64.Build.0 = Debug|Any CPU
		{B618CD7D-7315-451A-AEEE-85A64134BDAF}.Debug|x86.ActiveCfg = Debug|Any CPU
		{B618CD7D-7315-451A-AEEE-85A64134BDAF}.Debug|x86.Build.0 = Debug|Any CPU
		{B618CD7D-7315-451A-AEEE-85A64134BDAF}.Release|Any CPU.ActiveCfg = Release|Any CPU
		{B618CD7D-7315-451A-AEEE-85A64134BDAF}.Release|Any CPU.Build.0 = Release|Any CPU
		{B618CD7D-7315-451A-AEEE-85A64134BDAF}.Release|x64.ActiveCfg = Release|Any CPU
		{B618CD7D-7315-451A-AEEE-85A64134BDAF}.Release|x64.Build.0 = Release|Any CPU
		{B618CD7D-7315-451A-AEEE-85A64134BDAF}.Release|x86.ActiveCfg = Release|Any CPU
		{B618CD7D-7315-451A-AEEE-85A64134BDAF}.Release|x86.Build.0 = Release|Any CPU
		{F844FB56-4046-4975-82DC-C2D605E21995}.Debug|Any CPU.ActiveCfg = Debug|Any CPU
		{F844FB56-4046-4975-82DC-C2D605E21995}.Debug|Any CPU.Build.0 = Debug|Any CPU
		{F844FB56-4046-4975-82DC-C2D605E21995}.Debug|x64.ActiveCfg = Debug|Any CPU
		{F844FB56-4046-4975-82DC-C2D605E21995}.Debug|x64.Build.0 = Debug|Any CPU
		{F844FB56-4046-4975-82DC-C2D605E21995}.Debug|x86.ActiveCfg = Debug|Any CPU
		{F844FB56-4046-4975-82DC-C2D605E21995}.Debug|x86.Build.0 = Debug|Any CPU
		{F844FB56-4046-4975-82DC-C2D605E21995}.Release|Any CPU.ActiveCfg = Release|Any CPU
		{F844FB56-4046-4975-82DC-C2D605E21995}.Release|Any CPU.Build.0 = Release|Any CPU
		{F844FB56-4046-4975-82DC-C2D605E21995}.Release|x64.ActiveCfg = Release|Any CPU
		{F844FB56-4046-4975-82DC-C2D605E21995}.Release|x64.Build.0 = Release|Any CPU
		{F844FB56-4046-4975-82DC-C2D605E21995}.Release|x86.ActiveCfg = Release|Any CPU
		{F844FB56-4046-4975-82DC-C2D605E21995}.Release|x86.Build.0 = Release|Any CPU
		{7D9BE192-AF97-42A7-9853-E549CBC86C81}.Debug|Any CPU.ActiveCfg = Debug|Any CPU
		{7D9BE192-AF97-42A7-9853-E549CBC86C81}.Debug|Any CPU.Build.0 = Debug|Any CPU
		{7D9BE192-AF97-42A7-9853-E549CBC86C81}.Debug|x64.ActiveCfg = Debug|Any CPU
		{7D9BE192-AF97-42A7-9853-E549CBC86C81}.Debug|x64.Build.0 = Debug|Any CPU
		{7D9BE192-AF97-42A7-9853-E549CBC86C81}.Debug|x86.ActiveCfg = Debug|Any CPU
		{7D9BE192-AF97-42A7-9853-E549CBC86C81}.Debug|x86.Build.0 = Debug|Any CPU
		{7D9BE192-AF97-42A7-9853-E549CBC86C81}.Release|Any CPU.ActiveCfg = Release|Any CPU
		{7D9BE192-AF97-42A7-9853-E549CBC86C81}.Release|Any CPU.Build.0 = Release|Any CPU
		{7D9BE192-AF97-42A7-9853-E549CBC86C81}.Release|x64.ActiveCfg = Release|Any CPU
		{7D9BE192-AF97-42A7-9853-E549CBC86C81}.Release|x64.Build.0 = Release|Any CPU
		{7D9BE192-AF97-42A7-9853-E549CBC86C81}.Release|x86.ActiveCfg = Release|Any CPU
		{7D9BE192-AF97-42A7-9853-E549CBC86C81}.Release|x86.Build.0 = Release|Any CPU
		{1FDFFA27-91D1-43FB-93DF-D5494EF983CD}.Debug|Any CPU.ActiveCfg = Debug|Any CPU
		{1FDFFA27-91D1-43FB-93DF-D5494EF983CD}.Debug|Any CPU.Build.0 = Debug|Any CPU
		{1FDFFA27-91D1-43FB-93DF-D5494EF983CD}.Debug|x64.ActiveCfg = Debug|Any CPU
		{1FDFFA27-91D1-43FB-93DF-D5494EF983CD}.Debug|x64.Build.0 = Debug|Any CPU
		{1FDFFA27-91D1-43FB-93DF-D5494EF983CD}.Debug|x86.ActiveCfg = Debug|Any CPU
		{1FDFFA27-91D1-43FB-93DF-D5494EF983CD}.Debug|x86.Build.0 = Debug|Any CPU
		{1FDFFA27-91D1-43FB-93DF-D5494EF983CD}.Release|Any CPU.ActiveCfg = Release|Any CPU
		{1FDFFA27-91D1-43FB-93DF-D5494EF983CD}.Release|Any CPU.Build.0 = Release|Any CPU
		{1FDFFA27-91D1-43FB-93DF-D5494EF983CD}.Release|x64.ActiveCfg = Release|Any CPU
		{1FDFFA27-91D1-43FB-93DF-D5494EF983CD}.Release|x64.Build.0 = Release|Any CPU
		{1FDFFA27-91D1-43FB-93DF-D5494EF983CD}.Release|x86.ActiveCfg = Release|Any CPU
		{1FDFFA27-91D1-43FB-93DF-D5494EF983CD}.Release|x86.Build.0 = Release|Any CPU
	EndGlobalSection
	GlobalSection(SolutionProperties) = preSolution
		HideSolutionNode = FALSE
	EndGlobalSection
	GlobalSection(NestedProjects) = preSolution
		{F6F11C72-EFD5-4A0A-9A95-76F983C70891} = {827E0CD3-B72D-47B6-A68D-7590B98EB39B}
		{A340D647-39E1-4BDF-B5BE-D03871929812} = {827E0CD3-B72D-47B6-A68D-7590B98EB39B}
		{75968657-D3BC-412A-A816-51A8A908B2D8} = {827E0CD3-B72D-47B6-A68D-7590B98EB39B}
		{9292FA07-E8B1-42D8-959B-861631306824} = {827E0CD3-B72D-47B6-A68D-7590B98EB39B}
		{D24CA081-86AF-481F-80E3-AB3D410B2BDB} = {827E0CD3-B72D-47B6-A68D-7590B98EB39B}
		{2F377192-EA48-4713-832B-8E40E5045F82} = {827E0CD3-B72D-47B6-A68D-7590B98EB39B}
		{0A36BFFB-5996-4323-AEA2-B2BFC40FF307} = {827E0CD3-B72D-47B6-A68D-7590B98EB39B}
		{B618CD7D-7315-451A-AEEE-85A64134BDAF} = {827E0CD3-B72D-47B6-A68D-7590B98EB39B}
		{F844FB56-4046-4975-82DC-C2D605E21995} = {827E0CD3-B72D-47B6-A68D-7590B98EB39B}
		{7D9BE192-AF97-42A7-9853-E549CBC86C81} = {827E0CD3-B72D-47B6-A68D-7590B98EB39B}
		{1FDFFA27-91D1-43FB-93DF-D5494EF983CD} = {827E0CD3-B72D-47B6-A68D-7590B98EB39B}
	EndGlobalSection
EndGlobal
